
Microsoft Visual Studio Solution File, Format Version 12.00
# Visual Studio Version 17
VisualStudioVersion = 17.4.33205.214
MinimumVisualStudioVersion = 10.0.40219.1
Project("{FAE04EC0-301F-11D3-BF4B-00C04F79EFBC}") = "Pierwiastek kwadratowy", "Pierwiastek kwadratowy\Pierwiastek kwadratowy.csproj", "{8C5BBE0F-CEAD-43EB-841C-CF2504869CF8}"
EndProject
Global
	GlobalSection(SolutionConfigurationPlatforms) = preSolution
		Debug|Any CPU = Debug|Any CPU
		Release|Any CPU = Release|Any CPU
	EndGlobalSection
	GlobalSection(ProjectConfigurationPlatforms) = postSolution
		{8C5BBE0F-CEAD-43EB-841C-CF2504869CF8}.Debug|Any CPU.ActiveCfg = Debug|Any CPU
		{8C5BBE0F-CEAD-43EB-841C-CF2504869CF8}.Debug|Any CPU.Build.0 = Debug|Any CPU
		{8C5BBE0F-CEAD-43EB-841C-CF2504869CF8}.Release|Any CPU.ActiveCfg = Release|Any CPU
		{8C5BBE0F-CEAD-43EB-841C-CF2504869CF8}.Release|Any CPU.Build.0 = Release|Any CPU
	EndGlobalSection
	GlobalSection(SolutionProperties) = preSolution
		HideSolutionNode = FALSE
	EndGlobalSection
	GlobalSection(ExtensibilityGlobals) = postSolution
		SolutionGuid = {2C0FF780-C92C-4BAC-846F-5F8F8A643F8D}
	EndGlobalSection
EndGlobal
